
Microsoft Visual Studio Solution File, Format Version 12.00
# Visual Studio Version 16
VisualStudioVersion = 16.0.30105.208
MinimumVisualStudioVersion = 10.0.40219.1
Project("{9A19103F-16F7-4668-BE54-9A1E7A4F7556}") = "SignScripts", "src\Signing\SignScripts.csproj", "{8335F5A8-00BD-4457-924B-CAF878E5D929}"
EndProject
Project("{9A19103F-16F7-4668-BE54-9A1E7A4F7556}") = "MonitoringFunctions", "src\MonitoringFunctions\MonitoringFunctions.csproj", "{BF6E1679-3E2C-4B36-BBA8-A9DAF1114CF3}"
EndProject
Project("{9A19103F-16F7-4668-BE54-9A1E7A4F7556}") = "MonitoringFunctions.Test", "tests\MonitoringFunctions.Test\MonitoringFunctions.Test.csproj", "{EF881AB7-BFF9-4FAD-998A-7B6A6A93F2F9}"
EndProject
Project("{9A19103F-16F7-4668-BE54-9A1E7A4F7556}") = "MonitoringFunctions.Linux", "src\MonitoringFunctions.Linux\MonitoringFunctions.Linux.csproj", "{46F9D90A-F988-4597-B0D9-CA552BB3D85A}"
EndProject
Project("{9A19103F-16F7-4668-BE54-9A1E7A4F7556}") = "MonitoringFunctions.Common", "src\MonitoringFunctions.Common\MonitoringFunctions.Common.csproj", "{A0F3D5B4-88CC-49F3-A58E-9BE889CAFFD8}"
EndProject
Global
	GlobalSection(SolutionConfigurationPlatforms) = preSolution
		Debug|Any CPU = Debug|Any CPU
		Release|Any CPU = Release|Any CPU
	EndGlobalSection
	GlobalSection(ProjectConfigurationPlatforms) = postSolution
		{8335F5A8-00BD-4457-924B-CAF878E5D929}.Debug|Any CPU.ActiveCfg = Debug|Any CPU
		{8335F5A8-00BD-4457-924B-CAF878E5D929}.Debug|Any CPU.Build.0 = Debug|Any CPU
		{8335F5A8-00BD-4457-924B-CAF878E5D929}.Release|Any CPU.ActiveCfg = Release|Any CPU
		{8335F5A8-00BD-4457-924B-CAF878E5D929}.Release|Any CPU.Build.0 = Release|Any CPU
		{BF6E1679-3E2C-4B36-BBA8-A9DAF1114CF3}.Debug|Any CPU.ActiveCfg = Debug|Any CPU
		{BF6E1679-3E2C-4B36-BBA8-A9DAF1114CF3}.Debug|Any CPU.Build.0 = Debug|Any CPU
		{BF6E1679-3E2C-4B36-BBA8-A9DAF1114CF3}.Release|Any CPU.ActiveCfg = Release|Any CPU
		{BF6E1679-3E2C-4B36-BBA8-A9DAF1114CF3}.Release|Any CPU.Build.0 = Release|Any CPU
		{EF881AB7-BFF9-4FAD-998A-7B6A6A93F2F9}.Debug|Any CPU.ActiveCfg = Debug|Any CPU
		{EF881AB7-BFF9-4FAD-998A-7B6A6A93F2F9}.Debug|Any CPU.Build.0 = Debug|Any CPU
		{EF881AB7-BFF9-4FAD-998A-7B6A6A93F2F9}.Release|Any CPU.ActiveCfg = Release|Any CPU
		{EF881AB7-BFF9-4FAD-998A-7B6A6A93F2F9}.Release|Any CPU.Build.0 = Release|Any CPU
		{46F9D90A-F988-4597-B0D9-CA552BB3D85A}.Debug|Any CPU.ActiveCfg = Debug|Any CPU
		{46F9D90A-F988-4597-B0D9-CA552BB3D85A}.Debug|Any CPU.Build.0 = Debug|Any CPU
		{46F9D90A-F988-4597-B0D9-CA552BB3D85A}.Release|Any CPU.ActiveCfg = Release|Any CPU
		{46F9D90A-F988-4597-B0D9-CA552BB3D85A}.Release|Any CPU.Build.0 = Release|Any CPU
		{A0F3D5B4-88CC-49F3-A58E-9BE889CAFFD8}.Debug|Any CPU.ActiveCfg = Debug|Any CPU
		{A0F3D5B4-88CC-49F3-A58E-9BE889CAFFD8}.Debug|Any CPU.Build.0 = Debug|Any CPU
		{A0F3D5B4-88CC-49F3-A58E-9BE889CAFFD8}.Release|Any CPU.ActiveCfg = Release|Any CPU
		{A0F3D5B4-88CC-49F3-A58E-9BE889CAFFD8}.Release|Any CPU.Build.0 = Release|Any CPU
	EndGlobalSection
	GlobalSection(SolutionProperties) = preSolution
		HideSolutionNode = FALSE
	EndGlobalSection
	GlobalSection(ExtensibilityGlobals) = postSolution
		SolutionGuid = {04F10663-3588-4B62-8ABD-1EC771D0E387}
	EndGlobalSection
EndGlobal
